// !$*UTF8*$!
{
	archiveVersion = 1;
	classes = {
	};
	objectVersion = 51;
	objects = {

/* Begin PBXBuildFile section */
		2D30287F4E260BC486283817 /* Pods_NewsNytimes.framework in Frameworks */ = {isa = PBXBuildFile; fileRef = B5B9A510A9E797B6DE5C259F /* Pods_NewsNytimes.framework */; };
		CE1BC96126E6440B00530874 /* AppDelegate.swift in Sources */ = {isa = PBXBuildFile; fileRef = CE1BC96026E6440B00530874 /* AppDelegate.swift */; };
		CE1BC96B26E6440B00530874 /* NewsNytimes.xcdatamodeld in Sources */ = {isa = PBXBuildFile; fileRef = CE1BC96926E6440B00530874 /* NewsNytimes.xcdatamodeld */; };
		CE1BC96D26E6440E00530874 /* Assets.xcassets in Resources */ = {isa = PBXBuildFile; fileRef = CE1BC96C26E6440E00530874 /* Assets.xcassets */; };
		CE1BC97026E6440E00530874 /* LaunchScreen.storyboard in Resources */ = {isa = PBXBuildFile; fileRef = CE1BC96E26E6440E00530874 /* LaunchScreen.storyboard */; };
		CE1BC98126E6846500530874 /* MainIntemfaces.swift in Sources */ = {isa = PBXBuildFile; fileRef = CE1BC98026E6846500530874 /* MainIntemfaces.swift */; };
		CE1BC98526E6847D00530874 /* MainWireFrame.swift in Sources */ = {isa = PBXBuildFile; fileRef = CE1BC98426E6847D00530874 /* MainWireFrame.swift */; };
		CE1BC98826E6848F00530874 /* MainRouter.swift in Sources */ = {isa = PBXBuildFile; fileRef = CE1BC98726E6848F00530874 /* MainRouter.swift */; };
		CE1BC98C26E684A700530874 /* MainViewController.swift in Sources */ = {isa = PBXBuildFile; fileRef = CE1BC98A26E684A700530874 /* MainViewController.swift */; };
		CE1BC98D26E684A700530874 /* MainViewController.xib in Resources */ = {isa = PBXBuildFile; fileRef = CE1BC98B26E684A700530874 /* MainViewController.xib */; };
		CE1BC99026E685BC00530874 /* MainViewModel.swift in Sources */ = {isa = PBXBuildFile; fileRef = CE1BC98F26E685BC00530874 /* MainViewModel.swift */; };
		CE1BC99426E6ADA000530874 /* MainTableViewCell.swift in Sources */ = {isa = PBXBuildFile; fileRef = CE1BC99226E6ADA000530874 /* MainTableViewCell.swift */; };
		CE1BC99526E6ADA000530874 /* MainTableViewCell.xib in Resources */ = {isa = PBXBuildFile; fileRef = CE1BC99326E6ADA000530874 /* MainTableViewCell.xib */; };
		CE1BC99D26E76DA700530874 /* Extension+TableView.swift in Sources */ = {isa = PBXBuildFile; fileRef = CE1BC99C26E76DA700530874 /* Extension+TableView.swift */; };
		CE1BC9A326E7847D00530874 /* Services.swift in Sources */ = {isa = PBXBuildFile; fileRef = CE1BC9A226E7847D00530874 /* Services.swift */; };
		CE1BC9A926E7893600530874 /* ArticleListRequest.swift in Sources */ = {isa = PBXBuildFile; fileRef = CE1BC9A826E7893600530874 /* ArticleListRequest.swift */; };
		CE1BC9AC26E7C38200530874 /* MostEmailedList.swift in Sources */ = {isa = PBXBuildFile; fileRef = CE1BC9AB26E7C38200530874 /* MostEmailedList.swift */; };
		CE73845C26E7F2EB00C81FDD /* ViewedMicroService.swift in Sources */ = {isa = PBXBuildFile; fileRef = CE73845B26E7F2EB00C81FDD /* ViewedMicroService.swift */; };
		CE73846026E7F54E00C81FDD /* ConfigurationService.swift in Sources */ = {isa = PBXBuildFile; fileRef = CE73845F26E7F54E00C81FDD /* ConfigurationService.swift */; };
		CE73846726E8071000C81FDD /* SplashRouter.swift in Sources */ = {isa = PBXBuildFile; fileRef = CE73846626E8071000C81FDD /* SplashRouter.swift */; };
		CE73846A26E8073200C81FDD /* SplashInterfaces.swift in Sources */ = {isa = PBXBuildFile; fileRef = CE73846926E8073200C81FDD /* SplashInterfaces.swift */; };
		CE73846D26E8074D00C81FDD /* SplashWireFrame.swift in Sources */ = {isa = PBXBuildFile; fileRef = CE73846C26E8074D00C81FDD /* SplashWireFrame.swift */; };
		CE73847126E807EC00C81FDD /* SplashViewController.swift in Sources */ = {isa = PBXBuildFile; fileRef = CE73846F26E807EC00C81FDD /* SplashViewController.swift */; };
		CE73847226E807EC00C81FDD /* SplashViewController.xib in Resources */ = {isa = PBXBuildFile; fileRef = CE73847026E807EC00C81FDD /* SplashViewController.xib */; };
		CE73847526E8088C00C81FDD /* SplashViewModel.swift in Sources */ = {isa = PBXBuildFile; fileRef = CE73847426E8088C00C81FDD /* SplashViewModel.swift */; };
		CE73847C26E89ACB00C81FDD /* EmailRouter.swift in Sources */ = {isa = PBXBuildFile; fileRef = CE73847B26E89ACB00C81FDD /* EmailRouter.swift */; };
		CE73848026E89B0D00C81FDD /* EmailInterfaces.swift in Sources */ = {isa = PBXBuildFile; fileRef = CE73847F26E89B0D00C81FDD /* EmailInterfaces.swift */; };
		CE73848326E89B2F00C81FDD /* EmailWireFrame.swift in Sources */ = {isa = PBXBuildFile; fileRef = CE73848226E89B2F00C81FDD /* EmailWireFrame.swift */; };
		CE73848826E89BD900C81FDD /* EmailViewController.swift in Sources */ = {isa = PBXBuildFile; fileRef = CE73848626E89BD900C81FDD /* EmailViewController.swift */; };
		CE73848926E89BD900C81FDD /* EmailViewController.xib in Resources */ = {isa = PBXBuildFile; fileRef = CE73848726E89BD900C81FDD /* EmailViewController.xib */; };
		CE73848C26E89C0800C81FDD /* EmailViewModel.swift in Sources */ = {isa = PBXBuildFile; fileRef = CE73848B26E89C0800C81FDD /* EmailViewModel.swift */; };
		CE73849026E89E8F00C81FDD /* EmailTableViewCell.swift in Sources */ = {isa = PBXBuildFile; fileRef = CE73848E26E89E8F00C81FDD /* EmailTableViewCell.swift */; };
		CE73849126E89E8F00C81FDD /* EmailTableViewCell.xib in Resources */ = {isa = PBXBuildFile; fileRef = CE73848F26E89E8F00C81FDD /* EmailTableViewCell.xib */; };
		CE73849826E8A4FF00C81FDD /* SharedInterfaces.swift in Sources */ = {isa = PBXBuildFile; fileRef = CE73849726E8A4FF00C81FDD /* SharedInterfaces.swift */; };
		CE73849B26E8A52500C81FDD /* SharedRouter.swift in Sources */ = {isa = PBXBuildFile; fileRef = CE73849A26E8A52500C81FDD /* SharedRouter.swift */; };
		CE73849E26E8A53900C81FDD /* SharedWireFrame.swift in Sources */ = {isa = PBXBuildFile; fileRef = CE73849D26E8A53900C81FDD /* SharedWireFrame.swift */; };
		CE7384A226E8A55600C81FDD /* SharedViewController.swift in Sources */ = {isa = PBXBuildFile; fileRef = CE7384A026E8A55600C81FDD /* SharedViewController.swift */; };
		CE7384A326E8A55600C81FDD /* SharedViewController.xib in Resources */ = {isa = PBXBuildFile; fileRef = CE7384A126E8A55600C81FDD /* SharedViewController.xib */; };
		CE7384A626E8A56F00C81FDD /* SharedViewModel.swift in Sources */ = {isa = PBXBuildFile; fileRef = CE7384A526E8A56F00C81FDD /* SharedViewModel.swift */; };
		CE7384AA26E8A95E00C81FDD /* SharedTableViewCell.swift in Sources */ = {isa = PBXBuildFile; fileRef = CE7384A826E8A95E00C81FDD /* SharedTableViewCell.swift */; };
		CE7384AB26E8A95E00C81FDD /* SharedTableViewCell.xib in Resources */ = {isa = PBXBuildFile; fileRef = CE7384A926E8A95E00C81FDD /* SharedTableViewCell.xib */; };
		CEA59C8126E7DE8F00377780 /* DIContainer.swift in Sources */ = {isa = PBXBuildFile; fileRef = CEA59C8026E7DE8F00377780 /* DIContainer.swift */; };
		CEA59C8526E7E06200377780 /* APIService.swift in Sources */ = {isa = PBXBuildFile; fileRef = CEA59C8426E7E06200377780 /* APIService.swift */; };
		CEA59C8826E7E1D100377780 /* APIServiceImplementation.swift in Sources */ = {isa = PBXBuildFile; fileRef = CEA59C8726E7E1D100377780 /* APIServiceImplementation.swift */; };
		CEA59C8C26E7EB1400377780 /* EmailMicroService.swift in Sources */ = {isa = PBXBuildFile; fileRef = CEA59C8B26E7EB1400377780 /* EmailMicroService.swift */; };
		CEA59C8F26E7F06400377780 /* SharedMicroService.swift in Sources */ = {isa = PBXBuildFile; fileRef = CEA59C8E26E7F06400377780 /* SharedMicroService.swift */; };
/* End PBXBuildFile section */

/* Begin PBXFileReference section */
		5BB2AF5127D14ED3F5266C19 /* Pods-NewsNytimes.release.xcconfig */ = {isa = PBXFileReference; includeInIndex = 1; lastKnownFileType = text.xcconfig; name = "Pods-NewsNytimes.release.xcconfig"; path = "Target Support Files/Pods-NewsNytimes/Pods-NewsNytimes.release.xcconfig"; sourceTree = "<group>"; };
		B5B9A510A9E797B6DE5C259F /* Pods_NewsNytimes.framework */ = {isa = PBXFileReference; explicitFileType = wrapper.framework; includeInIndex = 0; path = Pods_NewsNytimes.framework; sourceTree = BUILT_PRODUCTS_DIR; };
		CCA4E7E82EAF8DAE64CC1027 /* Pods-NewsNytimes.debug.xcconfig */ = {isa = PBXFileReference; includeInIndex = 1; lastKnownFileType = text.xcconfig; name = "Pods-NewsNytimes.debug.xcconfig"; path = "Target Support Files/Pods-NewsNytimes/Pods-NewsNytimes.debug.xcconfig"; sourceTree = "<group>"; };
		CE1BC95D26E6440B00530874 /* NewsNytimes.app */ = {isa = PBXFileReference; explicitFileType = wrapper.application; includeInIndex = 0; path = NewsNytimes.app; sourceTree = BUILT_PRODUCTS_DIR; };
		CE1BC96026E6440B00530874 /* AppDelegate.swift */ = {isa = PBXFileReference; lastKnownFileType = sourcecode.swift; path = AppDelegate.swift; sourceTree = "<group>"; };
		CE1BC96A26E6440B00530874 /* NewsNytimes.xcdatamodel */ = {isa = PBXFileReference; lastKnownFileType = wrapper.xcdatamodel; path = NewsNytimes.xcdatamodel; sourceTree = "<group>"; };
		CE1BC96C26E6440E00530874 /* Assets.xcassets */ = {isa = PBXFileReference; lastKnownFileType = folder.assetcatalog; path = Assets.xcassets; sourceTree = "<group>"; };
		CE1BC96F26E6440E00530874 /* Base */ = {isa = PBXFileReference; lastKnownFileType = file.storyboard; name = Base; path = Base.lproj/LaunchScreen.storyboard; sourceTree = "<group>"; };
		CE1BC97126E6440E00530874 /* Info.plist */ = {isa = PBXFileReference; lastKnownFileType = text.plist.xml; path = Info.plist; sourceTree = "<group>"; };
		CE1BC98026E6846500530874 /* MainIntemfaces.swift */ = {isa = PBXFileReference; lastKnownFileType = sourcecode.swift; path = MainIntemfaces.swift; sourceTree = "<group>"; };
		CE1BC98426E6847D00530874 /* MainWireFrame.swift */ = {isa = PBXFileReference; lastKnownFileType = sourcecode.swift; path = MainWireFrame.swift; sourceTree = "<group>"; };
		CE1BC98726E6848F00530874 /* MainRouter.swift */ = {isa = PBXFileReference; lastKnownFileType = sourcecode.swift; path = MainRouter.swift; sourceTree = "<group>"; };
		CE1BC98A26E684A700530874 /* MainViewController.swift */ = {isa = PBXFileReference; lastKnownFileType = sourcecode.swift; path = MainViewController.swift; sourceTree = "<group>"; };
		CE1BC98B26E684A700530874 /* MainViewController.xib */ = {isa = PBXFileReference; lastKnownFileType = file.xib; path = MainViewController.xib; sourceTree = "<group>"; };
		CE1BC98F26E685BC00530874 /* MainViewModel.swift */ = {isa = PBXFileReference; lastKnownFileType = sourcecode.swift; path = MainViewModel.swift; sourceTree = "<group>"; };
		CE1BC99226E6ADA000530874 /* MainTableViewCell.swift */ = {isa = PBXFileReference; lastKnownFileType = sourcecode.swift; path = MainTableViewCell.swift; sourceTree = "<group>"; };
		CE1BC99326E6ADA000530874 /* MainTableViewCell.xib */ = {isa = PBXFileReference; lastKnownFileType = file.xib; path = MainTableViewCell.xib; sourceTree = "<group>"; };
		CE1BC99C26E76DA700530874 /* Extension+TableView.swift */ = {isa = PBXFileReference; lastKnownFileType = sourcecode.swift; path = "Extension+TableView.swift"; sourceTree = "<group>"; };
		CE1BC9A226E7847D00530874 /* Services.swift */ = {isa = PBXFileReference; lastKnownFileType = sourcecode.swift; path = Services.swift; sourceTree = "<group>"; };
		CE1BC9A826E7893600530874 /* ArticleListRequest.swift */ = {isa = PBXFileReference; lastKnownFileType = sourcecode.swift; path = ArticleListRequest.swift; sourceTree = "<group>"; };
		CE1BC9AB26E7C38200530874 /* MostEmailedList.swift */ = {isa = PBXFileReference; lastKnownFileType = sourcecode.swift; path = MostEmailedList.swift; sourceTree = "<group>"; };
		CE73845B26E7F2EB00C81FDD /* ViewedMicroService.swift */ = {isa = PBXFileReference; lastKnownFileType = sourcecode.swift; path = ViewedMicroService.swift; sourceTree = "<group>"; };
		CE73845F26E7F54E00C81FDD /* ConfigurationService.swift */ = {isa = PBXFileReference; lastKnownFileType = sourcecode.swift; path = ConfigurationService.swift; sourceTree = "<group>"; };
		CE73846626E8071000C81FDD /* SplashRouter.swift */ = {isa = PBXFileReference; lastKnownFileType = sourcecode.swift; path = SplashRouter.swift; sourceTree = "<group>"; };
		CE73846926E8073200C81FDD /* SplashInterfaces.swift */ = {isa = PBXFileReference; lastKnownFileType = sourcecode.swift; path = SplashInterfaces.swift; sourceTree = "<group>"; };
		CE73846C26E8074D00C81FDD /* SplashWireFrame.swift */ = {isa = PBXFileReference; lastKnownFileType = sourcecode.swift; path = SplashWireFrame.swift; sourceTree = "<group>"; };
		CE73846F26E807EC00C81FDD /* SplashViewController.swift */ = {isa = PBXFileReference; lastKnownFileType = sourcecode.swift; path = SplashViewController.swift; sourceTree = "<group>"; };
		CE73847026E807EC00C81FDD /* SplashViewController.xib */ = {isa = PBXFileReference; lastKnownFileType = file.xib; path = SplashViewController.xib; sourceTree = "<group>"; };
		CE73847426E8088C00C81FDD /* SplashViewModel.swift */ = {isa = PBXFileReference; lastKnownFileType = sourcecode.swift; path = SplashViewModel.swift; sourceTree = "<group>"; };
		CE73847B26E89ACB00C81FDD /* EmailRouter.swift */ = {isa = PBXFileReference; lastKnownFileType = sourcecode.swift; path = EmailRouter.swift; sourceTree = "<group>"; };
		CE73847F26E89B0D00C81FDD /* EmailInterfaces.swift */ = {isa = PBXFileReference; lastKnownFileType = sourcecode.swift; path = EmailInterfaces.swift; sourceTree = "<group>"; };
		CE73848226E89B2F00C81FDD /* EmailWireFrame.swift */ = {isa = PBXFileReference; lastKnownFileType = sourcecode.swift; path = EmailWireFrame.swift; sourceTree = "<group>"; };
		CE73848626E89BD900C81FDD /* EmailViewController.swift */ = {isa = PBXFileReference; lastKnownFileType = sourcecode.swift; path = EmailViewController.swift; sourceTree = "<group>"; };
		CE73848726E89BD900C81FDD /* EmailViewController.xib */ = {isa = PBXFileReference; lastKnownFileType = file.xib; path = EmailViewController.xib; sourceTree = "<group>"; };
		CE73848B26E89C0800C81FDD /* EmailViewModel.swift */ = {isa = PBXFileReference; lastKnownFileType = sourcecode.swift; path = EmailViewModel.swift; sourceTree = "<group>"; };
		CE73848E26E89E8F00C81FDD /* EmailTableViewCell.swift */ = {isa = PBXFileReference; lastKnownFileType = sourcecode.swift; path = EmailTableViewCell.swift; sourceTree = "<group>"; };
		CE73848F26E89E8F00C81FDD /* EmailTableViewCell.xib */ = {isa = PBXFileReference; lastKnownFileType = file.xib; path = EmailTableViewCell.xib; sourceTree = "<group>"; };
		CE73849726E8A4FF00C81FDD /* SharedInterfaces.swift */ = {isa = PBXFileReference; lastKnownFileType = sourcecode.swift; path = SharedInterfaces.swift; sourceTree = "<group>"; };
		CE73849A26E8A52500C81FDD /* SharedRouter.swift */ = {isa = PBXFileReference; lastKnownFileType = sourcecode.swift; path = SharedRouter.swift; sourceTree = "<group>"; };
		CE73849D26E8A53900C81FDD /* SharedWireFrame.swift */ = {isa = PBXFileReference; lastKnownFileType = sourcecode.swift; path = SharedWireFrame.swift; sourceTree = "<group>"; };
		CE7384A026E8A55600C81FDD /* SharedViewController.swift */ = {isa = PBXFileReference; lastKnownFileType = sourcecode.swift; path = SharedViewController.swift; sourceTree = "<group>"; };
		CE7384A126E8A55600C81FDD /* SharedViewController.xib */ = {isa = PBXFileReference; lastKnownFileType = file.xib; path = SharedViewController.xib; sourceTree = "<group>"; };
		CE7384A526E8A56F00C81FDD /* SharedViewModel.swift */ = {isa = PBXFileReference; lastKnownFileType = sourcecode.swift; path = SharedViewModel.swift; sourceTree = "<group>"; };
		CE7384A826E8A95E00C81FDD /* SharedTableViewCell.swift */ = {isa = PBXFileReference; lastKnownFileType = sourcecode.swift; path = SharedTableViewCell.swift; sourceTree = "<group>"; };
		CE7384A926E8A95E00C81FDD /* SharedTableViewCell.xib */ = {isa = PBXFileReference; lastKnownFileType = file.xib; path = SharedTableViewCell.xib; sourceTree = "<group>"; };
		CEA59C8026E7DE8F00377780 /* DIContainer.swift */ = {isa = PBXFileReference; lastKnownFileType = sourcecode.swift; path = DIContainer.swift; sourceTree = "<group>"; };
		CEA59C8426E7E06200377780 /* APIService.swift */ = {isa = PBXFileReference; lastKnownFileType = sourcecode.swift; path = APIService.swift; sourceTree = "<group>"; };
		CEA59C8726E7E1D100377780 /* APIServiceImplementation.swift */ = {isa = PBXFileReference; lastKnownFileType = sourcecode.swift; path = APIServiceImplementation.swift; sourceTree = "<group>"; };
		CEA59C8B26E7EB1400377780 /* EmailMicroService.swift */ = {isa = PBXFileReference; lastKnownFileType = sourcecode.swift; path = EmailMicroService.swift; sourceTree = "<group>"; };
		CEA59C8E26E7F06400377780 /* SharedMicroService.swift */ = {isa = PBXFileReference; lastKnownFileType = sourcecode.swift; path = SharedMicroService.swift; sourceTree = "<group>"; };
/* End PBXFileReference section */

/* Begin PBXFrameworksBuildPhase section */
		CE1BC95A26E6440B00530874 /* Frameworks */ = {
			isa = PBXFrameworksBuildPhase;
			buildActionMask = 2147483647;
			files = (
				2D30287F4E260BC486283817 /* Pods_NewsNytimes.framework in Frameworks */,
			);
			runOnlyForDeploymentPostprocessing = 0;
		};
/* End PBXFrameworksBuildPhase section */

/* Begin PBXGroup section */
		263D9CBB59CE8113868727EB /* Pods */ = {
			isa = PBXGroup;
			children = (
				CCA4E7E82EAF8DAE64CC1027 /* Pods-NewsNytimes.debug.xcconfig */,
				5BB2AF5127D14ED3F5266C19 /* Pods-NewsNytimes.release.xcconfig */,
			);
			path = Pods;
			sourceTree = "<group>";
		};
		59E6ADD916C2FA27EA6DC65A /* Frameworks */ = {
			isa = PBXGroup;
			children = (
				B5B9A510A9E797B6DE5C259F /* Pods_NewsNytimes.framework */,
			);
			name = Frameworks;
			sourceTree = "<group>";
		};
		CE1BC95426E6440B00530874 = {
			isa = PBXGroup;
			children = (
				CE1BC95F26E6440B00530874 /* NewsNytimes */,
				CE1BC95E26E6440B00530874 /* Products */,
				263D9CBB59CE8113868727EB /* Pods */,
				59E6ADD916C2FA27EA6DC65A /* Frameworks */,
			);
			sourceTree = "<group>";
		};
		CE1BC95E26E6440B00530874 /* Products */ = {
			isa = PBXGroup;
			children = (
				CE1BC95D26E6440B00530874 /* NewsNytimes.app */,
			);
			name = Products;
			sourceTree = "<group>";
		};
		CE1BC95F26E6440B00530874 /* NewsNytimes */ = {
			isa = PBXGroup;
			children = (
				CE1BC9A626E788CE00530874 /* Models */,
				CE1BC9A126E7846100530874 /* Services */,
				CE1BC99726E76CD600530874 /* Extension */,
				CE1BC97C26E6841A00530874 /* Module */,
				CE1BC96026E6440B00530874 /* AppDelegate.swift */,
				CE1BC96C26E6440E00530874 /* Assets.xcassets */,
				CE1BC96E26E6440E00530874 /* LaunchScreen.storyboard */,
				CE1BC97126E6440E00530874 /* Info.plist */,
				CE1BC96926E6440B00530874 /* NewsNytimes.xcdatamodeld */,
			);
			path = NewsNytimes;
			sourceTree = "<group>";
		};
		CE1BC97B26E683FF00530874 /* Main */ = {
			isa = PBXGroup;
			children = (
				CE1BC97F26E6844A00530874 /* Model */,
				CE1BC97E26E6844000530874 /* ViewModel */,
				CE1BC97D26E6843600530874 /* View */,
				CE1BC98026E6846500530874 /* MainIntemfaces.swift */,
				CE1BC98426E6847D00530874 /* MainWireFrame.swift */,
				CE1BC98726E6848F00530874 /* MainRouter.swift */,
			);
			path = Main;
			sourceTree = "<group>";
		};
		CE1BC97C26E6841A00530874 /* Module */ = {
			isa = PBXGroup;
			children = (
				CE73849426E8A4C600C81FDD /* Shared */,
				CE73847826E89AA000C81FDD /* Email */,
				CE73846326E806DE00C81FDD /* Splach */,
				CE1BC97B26E683FF00530874 /* Main */,
			);
			path = Module;
			sourceTree = "<group>";
		};
		CE1BC97D26E6843600530874 /* View */ = {
			isa = PBXGroup;
			children = (
				CE1BC98A26E684A700530874 /* MainViewController.swift */,
				CE1BC98B26E684A700530874 /* MainViewController.xib */,
				CE1BC99226E6ADA000530874 /* MainTableViewCell.swift */,
				CE1BC99326E6ADA000530874 /* MainTableViewCell.xib */,
			);
			path = View;
			sourceTree = "<group>";
		};
		CE1BC97E26E6844000530874 /* ViewModel */ = {
			isa = PBXGroup;
			children = (
				CE1BC98F26E685BC00530874 /* MainViewModel.swift */,
			);
			path = ViewModel;
			sourceTree = "<group>";
		};
		CE1BC97F26E6844A00530874 /* Model */ = {
			isa = PBXGroup;
			children = (
			);
			path = Model;
			sourceTree = "<group>";
		};
		CE1BC99726E76CD600530874 /* Extension */ = {
			isa = PBXGroup;
			children = (
				CE1BC99C26E76DA700530874 /* Extension+TableView.swift */,
			);
			path = Extension;
			sourceTree = "<group>";
		};
		CE1BC9A126E7846100530874 /* Services */ = {
			isa = PBXGroup;
			children = (
				CE73845E26E7F50E00C81FDD /* ConfigurationService */,
				CE73845A26E7F28D00C81FDD /* ViewedMicroService */,
				CEA59C9126E7F07600377780 /* SharedMicroService */,
				CEA59C8A26E7EAD800377780 /* EmailMicroService */,
				CEA59C8326E7E04D00377780 /* API */,
				CE1BC9A226E7847D00530874 /* Services.swift */,
				CEA59C8026E7DE8F00377780 /* DIContainer.swift */,
			);
			path = Services;
			sourceTree = "<group>";
		};
		CE1BC9A626E788CE00530874 /* Models */ = {
			isa = PBXGroup;
			children = (
				CE1BC9A726E788D900530874 /* Network */,
			);
			path = Models;
			sourceTree = "<group>";
		};
		CE1BC9A726E788D900530874 /* Network */ = {
			isa = PBXGroup;
			children = (
				CE1BC9A826E7893600530874 /* ArticleListRequest.swift */,
				CE1BC9AB26E7C38200530874 /* MostEmailedList.swift */,
			);
			path = Network;
			sourceTree = "<group>";
		};
		CE73845A26E7F28D00C81FDD /* ViewedMicroService */ = {
			isa = PBXGroup;
			children = (
				CE73845B26E7F2EB00C81FDD /* ViewedMicroService.swift */,
			);
			path = ViewedMicroService;
			sourceTree = "<group>";
		};
		CE73845E26E7F50E00C81FDD /* ConfigurationService */ = {
			isa = PBXGroup;
			children = (
				CE73845F26E7F54E00C81FDD /* ConfigurationService.swift */,
			);
			path = ConfigurationService;
			sourceTree = "<group>";
		};
		CE73846326E806DE00C81FDD /* Splach */ = {
			isa = PBXGroup;
			children = (
				CE73846526E806F300C81FDD /* ViewModel */,
				CE73846426E806EB00C81FDD /* View */,
				CE73846626E8071000C81FDD /* SplashRouter.swift */,
				CE73846926E8073200C81FDD /* SplashInterfaces.swift */,
				CE73846C26E8074D00C81FDD /* SplashWireFrame.swift */,
			);
			path = Splach;
			sourceTree = "<group>";
		};
		CE73846426E806EB00C81FDD /* View */ = {
			isa = PBXGroup;
			children = (
				CE73846F26E807EC00C81FDD /* SplashViewController.swift */,
				CE73847026E807EC00C81FDD /* SplashViewController.xib */,
			);
			path = View;
			sourceTree = "<group>";
		};
		CE73846526E806F300C81FDD /* ViewModel */ = {
			isa = PBXGroup;
			children = (
				CE73847426E8088C00C81FDD /* SplashViewModel.swift */,
			);
			path = ViewModel;
			sourceTree = "<group>";
		};
		CE73847826E89AA000C81FDD /* Email */ = {
			isa = PBXGroup;
			children = (
				CE73847A26E89AB100C81FDD /* ViewModel */,
				CE73847926E89AAA00C81FDD /* View */,
				CE73847B26E89ACB00C81FDD /* EmailRouter.swift */,
				CE73847F26E89B0D00C81FDD /* EmailInterfaces.swift */,
				CE73848226E89B2F00C81FDD /* EmailWireFrame.swift */,
			);
			path = Email;
			sourceTree = "<group>";
		};
		CE73847926E89AAA00C81FDD /* View */ = {
			isa = PBXGroup;
			children = (
				CE73848626E89BD900C81FDD /* EmailViewController.swift */,
				CE73848726E89BD900C81FDD /* EmailViewController.xib */,
				CE73848E26E89E8F00C81FDD /* EmailTableViewCell.swift */,
				CE73848F26E89E8F00C81FDD /* EmailTableViewCell.xib */,
			);
			path = View;
			sourceTree = "<group>";
		};
		CE73847A26E89AB100C81FDD /* ViewModel */ = {
			isa = PBXGroup;
			children = (
				CE73848B26E89C0800C81FDD /* EmailViewModel.swift */,
			);
			path = ViewModel;
			sourceTree = "<group>";
		};
		CE73849426E8A4C600C81FDD /* Shared */ = {
			isa = PBXGroup;
			children = (
				CE73849626E8A4DF00C81FDD /* ViewModel */,
				CE73849526E8A4D700C81FDD /* View */,
				CE73849726E8A4FF00C81FDD /* SharedInterfaces.swift */,
				CE73849A26E8A52500C81FDD /* SharedRouter.swift */,
				CE73849D26E8A53900C81FDD /* SharedWireFrame.swift */,
			);
			path = Shared;
			sourceTree = "<group>";
		};
		CE73849526E8A4D700C81FDD /* View */ = {
			isa = PBXGroup;
			children = (
				CE7384A026E8A55600C81FDD /* SharedViewController.swift */,
				CE7384A126E8A55600C81FDD /* SharedViewController.xib */,
				CE7384A826E8A95E00C81FDD /* SharedTableViewCell.swift */,
				CE7384A926E8A95E00C81FDD /* SharedTableViewCell.xib */,
			);
			path = View;
			sourceTree = "<group>";
		};
		CE73849626E8A4DF00C81FDD /* ViewModel */ = {
			isa = PBXGroup;
			children = (
				CE7384A526E8A56F00C81FDD /* SharedViewModel.swift */,
			);
			path = ViewModel;
			sourceTree = "<group>";
		};
		CEA59C8326E7E04D00377780 /* API */ = {
			isa = PBXGroup;
			children = (
				CEA59C8426E7E06200377780 /* APIService.swift */,
				CEA59C8726E7E1D100377780 /* APIServiceImplementation.swift */,
			);
			path = API;
			sourceTree = "<group>";
		};
		CEA59C8A26E7EAD800377780 /* EmailMicroService */ = {
			isa = PBXGroup;
			children = (
				CEA59C8B26E7EB1400377780 /* EmailMicroService.swift */,
			);
			path = EmailMicroService;
			sourceTree = "<group>";
		};
		CEA59C9126E7F07600377780 /* SharedMicroService */ = {
			isa = PBXGroup;
			children = (
				CEA59C8E26E7F06400377780 /* SharedMicroService.swift */,
			);
			path = SharedMicroService;
			sourceTree = "<group>";
		};
/* End PBXGroup section */

/* Begin PBXNativeTarget section */
		CE1BC95C26E6440B00530874 /* NewsNytimes */ = {
			isa = PBXNativeTarget;
			buildConfigurationList = CE1BC97426E6440E00530874 /* Build configuration list for PBXNativeTarget "NewsNytimes" */;
			buildPhases = (
				47E092553ECD5E0F29940110 /* [CP] Check Pods Manifest.lock */,
				CE1BC95926E6440B00530874 /* Sources */,
				CE1BC95A26E6440B00530874 /* Frameworks */,
				CE1BC95B26E6440B00530874 /* Resources */,
				503714D3F0900665C3B03384 /* [CP] Embed Pods Frameworks */,
			);
			buildRules = (
			);
			dependencies = (
			);
			name = NewsNytimes;
			productName = NewsNytimes;
			productReference = CE1BC95D26E6440B00530874 /* NewsNytimes.app */;
			productType = "com.apple.product-type.application";
		};
/* End PBXNativeTarget section */

/* Begin PBXProject section */
		CE1BC95526E6440B00530874 /* Project object */ = {
			isa = PBXProject;
			attributes = {
				LastSwiftUpdateCheck = 1240;
				LastUpgradeCheck = 1240;
				TargetAttributes = {
					CE1BC95C26E6440B00530874 = {
						CreatedOnToolsVersion = 12.4;
					};
				};
			};
			buildConfigurationList = CE1BC95826E6440B00530874 /* Build configuration list for PBXProject "NewsNytimes" */;
			compatibilityVersion = "Xcode 9.3";
			developmentRegion = en;
			hasScannedForEncodings = 0;
			knownRegions = (
				en,
				Base,
			);
			mainGroup = CE1BC95426E6440B00530874;
			productRefGroup = CE1BC95E26E6440B00530874 /* Products */;
			projectDirPath = "";
			projectRoot = "";
			targets = (
				CE1BC95C26E6440B00530874 /* NewsNytimes */,
			);
		};
/* End PBXProject section */

/* Begin PBXResourcesBuildPhase section */
		CE1BC95B26E6440B00530874 /* Resources */ = {
			isa = PBXResourcesBuildPhase;
			buildActionMask = 2147483647;
			files = (
				CE1BC97026E6440E00530874 /* LaunchScreen.storyboard in Resources */,
				CE73849126E89E8F00C81FDD /* EmailTableViewCell.xib in Resources */,
				CE1BC98D26E684A700530874 /* MainViewController.xib in Resources */,
				CE1BC99526E6ADA000530874 /* MainTableViewCell.xib in Resources */,
				CE73848926E89BD900C81FDD /* EmailViewController.xib in Resources */,
				CE7384AB26E8A95E00C81FDD /* SharedTableViewCell.xib in Resources */,
				CE73847226E807EC00C81FDD /* SplashViewController.xib in Resources */,
				CE1BC96D26E6440E00530874 /* Assets.xcassets in Resources */,
				CE7384A326E8A55600C81FDD /* SharedViewController.xib in Resources */,
			);
			runOnlyForDeploymentPostprocessing = 0;
		};
/* End PBXResourcesBuildPhase section */

/* Begin PBXShellScriptBuildPhase section */
		47E092553ECD5E0F29940110 /* [CP] Check Pods Manifest.lock */ = {
			isa = PBXShellScriptBuildPhase;
			buildActionMask = 2147483647;
			files = (
			);
			inputFileListPaths = (
			);
			inputPaths = (
				"${PODS_PODFILE_DIR_PATH}/Podfile.lock",
				"${PODS_ROOT}/Manifest.lock",
			);
			name = "[CP] Check Pods Manifest.lock";
			outputFileListPaths = (
			);
			outputPaths = (
				"$(DERIVED_FILE_DIR)/Pods-NewsNytimes-checkManifestLockResult.txt",
			);
			runOnlyForDeploymentPostprocessing = 0;
			shellPath = /bin/sh;
			shellScript = "diff \"${PODS_PODFILE_DIR_PATH}/Podfile.lock\" \"${PODS_ROOT}/Manifest.lock\" > /dev/null\nif [ $? != 0 ] ; then\n    # print error to STDERR\n    echo \"error: The sandbox is not in sync with the Podfile.lock. Run 'pod install' or update your CocoaPods installation.\" >&2\n    exit 1\nfi\n# This output is used by Xcode 'outputs' to avoid re-running this script phase.\necho \"SUCCESS\" > \"${SCRIPT_OUTPUT_FILE_0}\"\n";
			showEnvVarsInLog = 0;
		};
		503714D3F0900665C3B03384 /* [CP] Embed Pods Frameworks */ = {
			isa = PBXShellScriptBuildPhase;
			buildActionMask = 2147483647;
			files = (
			);
			inputFileListPaths = (
				"${PODS_ROOT}/Target Support Files/Pods-NewsNytimes/Pods-NewsNytimes-frameworks-${CONFIGURATION}-input-files.xcfilelist",
			);
			name = "[CP] Embed Pods Frameworks";
			outputFileListPaths = (
				"${PODS_ROOT}/Target Support Files/Pods-NewsNytimes/Pods-NewsNytimes-frameworks-${CONFIGURATION}-output-files.xcfilelist",
			);
			runOnlyForDeploymentPostprocessing = 0;
			shellPath = /bin/sh;
			shellScript = "\"${PODS_ROOT}/Target Support Files/Pods-NewsNytimes/Pods-NewsNytimes-frameworks.sh\"\n";
			showEnvVarsInLog = 0;
		};
/* End PBXShellScriptBuildPhase section */

/* Begin PBXSourcesBuildPhase section */
		CE1BC95926E6440B00530874 /* Sources */ = {
			isa = PBXSourcesBuildPhase;
			buildActionMask = 2147483647;
			files = (
				CE73849E26E8A53900C81FDD /* SharedWireFrame.swift in Sources */,
				CE1BC9A926E7893600530874 /* ArticleListRequest.swift in Sources */,
				CE73849826E8A4FF00C81FDD /* SharedInterfaces.swift in Sources */,
				CE1BC99026E685BC00530874 /* MainViewModel.swift in Sources */,
				CE7384A626E8A56F00C81FDD /* SharedViewModel.swift in Sources */,
				CE73848C26E89C0800C81FDD /* EmailViewModel.swift in Sources */,
				CE73845C26E7F2EB00C81FDD /* ViewedMicroService.swift in Sources */,
				CE73849B26E8A52500C81FDD /* SharedRouter.swift in Sources */,
				CE73847C26E89ACB00C81FDD /* EmailRouter.swift in Sources */,
				CE1BC98826E6848F00530874 /* MainRouter.swift in Sources */,
				CE1BC99426E6ADA000530874 /* MainTableViewCell.swift in Sources */,
				CE73847126E807EC00C81FDD /* SplashViewController.swift in Sources */,
				CE73846726E8071000C81FDD /* SplashRouter.swift in Sources */,
				CE1BC9AC26E7C38200530874 /* MostEmailedList.swift in Sources */,
				CE7384AA26E8A95E00C81FDD /* SharedTableViewCell.swift in Sources */,
				CE73848326E89B2F00C81FDD /* EmailWireFrame.swift in Sources */,
				CEA59C8C26E7EB1400377780 /* EmailMicroService.swift in Sources */,
				CE73849026E89E8F00C81FDD /* EmailTableViewCell.swift in Sources */,
				CE1BC96126E6440B00530874 /* AppDelegate.swift in Sources */,
				CE7384A226E8A55600C81FDD /* SharedViewController.swift in Sources */,
				CEA59C8126E7DE8F00377780 /* DIContainer.swift in Sources */,
				CE1BC99D26E76DA700530874 /* Extension+TableView.swift in Sources */,
				CE73846A26E8073200C81FDD /* SplashInterfaces.swift in Sources */,
				CE73846026E7F54E00C81FDD /* ConfigurationService.swift in Sources */,
				CEA59C8526E7E06200377780 /* APIService.swift in Sources */,
				CE73848026E89B0D00C81FDD /* EmailInterfaces.swift in Sources */,
				CE73847526E8088C00C81FDD /* SplashViewModel.swift in Sources */,
				CE73848826E89BD900C81FDD /* EmailViewController.swift in Sources */,
				CE1BC9A326E7847D00530874 /* Services.swift in Sources */,
				CEA59C8826E7E1D100377780 /* APIServiceImplementation.swift in Sources */,
				CE1BC98526E6847D00530874 /* MainWireFrame.swift in Sources */,
				CE1BC98C26E684A700530874 /* MainViewController.swift in Sources */,
				CE1BC96B26E6440B00530874 /* NewsNytimes.xcdatamodeld in Sources */,
				CE1BC98126E6846500530874 /* MainIntemfaces.swift in Sources */,
				CEA59C8F26E7F06400377780 /* SharedMicroService.swift in Sources */,
				CE73846D26E8074D00C81FDD /* SplashWireFrame.swift in Sources */,
			);
			runOnlyForDeploymentPostprocessing = 0;
		};
/* End PBXSourcesBuildPhase section */

/* Begin PBXVariantGroup section */
		CE1BC96E26E6440E00530874 /* LaunchScreen.storyboard */ = {
			isa = PBXVariantGroup;
			children = (
				CE1BC96F26E6440E00530874 /* Base */,
			);
			name = LaunchScreen.storyboard;
			sourceTree = "<group>";
		};
/* End PBXVariantGroup section */

/* Begin XCBuildConfiguration section */
		CE1BC97226E6440E00530874 /* Debug */ = {
			isa = XCBuildConfiguration;
			buildSettings = {
				ALWAYS_SEARCH_USER_PATHS = NO;
				CLANG_ANALYZER_NONNULL = YES;
				CLANG_ANALYZER_NUMBER_OBJECT_CONVERSION = YES_AGGRESSIVE;
				CLANG_CXX_LANGUAGE_STANDARD = "gnu++14";
				CLANG_CXX_LIBRARY = "libc++";
				CLANG_ENABLE_MODULES = YES;
				CLANG_ENABLE_OBJC_ARC = YES;
				CLANG_ENABLE_OBJC_WEAK = YES;
				CLANG_WARN_BLOCK_CAPTURE_AUTORELEASING = YES;
				CLANG_WARN_BOOL_CONVERSION = YES;
				CLANG_WARN_COMMA = YES;
				CLANG_WARN_CONSTANT_CONVERSION = YES;
				CLANG_WARN_DEPRECATED_OBJC_IMPLEMENTATIONS = YES;
				CLANG_WARN_DIRECT_OBJC_ISA_USAGE = YES_ERROR;
				CLANG_WARN_DOCUMENTATION_COMMENTS = YES;
				CLANG_WARN_EMPTY_BODY = YES;
				CLANG_WARN_ENUM_CONVERSION = YES;
				CLANG_WARN_INFINITE_RECURSION = YES;
				CLANG_WARN_INT_CONVERSION = YES;
				CLANG_WARN_NON_LITERAL_NULL_CONVERSION = YES;
				CLANG_WARN_OBJC_IMPLICIT_RETAIN_SELF = YES;
				CLANG_WARN_OBJC_LITERAL_CONVERSION = YES;
				CLANG_WARN_OBJC_ROOT_CLASS = YES_ERROR;
				CLANG_WARN_QUOTED_INCLUDE_IN_FRAMEWORK_HEADER = YES;
				CLANG_WARN_RANGE_LOOP_ANALYSIS = YES;
				CLANG_WARN_STRICT_PROTOTYPES = YES;
				CLANG_WARN_SUSPICIOUS_MOVE = YES;
				CLANG_WARN_UNGUARDED_AVAILABILITY = YES_AGGRESSIVE;
				CLANG_WARN_UNREACHABLE_CODE = YES;
				CLANG_WARN__DUPLICATE_METHOD_MATCH = YES;
				COPY_PHASE_STRIP = NO;
				DEBUG_INFORMATION_FORMAT = dwarf;
				ENABLE_STRICT_OBJC_MSGSEND = YES;
				ENABLE_TESTABILITY = YES;
				GCC_C_LANGUAGE_STANDARD = gnu11;
				GCC_DYNAMIC_NO_PIC = NO;
				GCC_NO_COMMON_BLOCKS = YES;
				GCC_OPTIMIZATION_LEVEL = 0;
				GCC_PREPROCESSOR_DEFINITIONS = (
					"DEBUG=1",
					"$(inherited)",
				);
				GCC_WARN_64_TO_32_BIT_CONVERSION = YES;
				GCC_WARN_ABOUT_RETURN_TYPE = YES_ERROR;
				GCC_WARN_UNDECLARED_SELECTOR = YES;
				GCC_WARN_UNINITIALIZED_AUTOS = YES_AGGRESSIVE;
				GCC_WARN_UNUSED_FUNCTION = YES;
				GCC_WARN_UNUSED_VARIABLE = YES;
				IPHONEOS_DEPLOYMENT_TARGET = 14.4;
				MTL_ENABLE_DEBUG_INFO = INCLUDE_SOURCE;
				MTL_FAST_MATH = YES;
				ONLY_ACTIVE_ARCH = YES;
				SDKROOT = iphoneos;
				SWIFT_ACTIVE_COMPILATION_CONDITIONS = DEBUG;
				SWIFT_OPTIMIZATION_LEVEL = "-Onone";
			};
			name = Debug;
		};
		CE1BC97326E6440E00530874 /* Release */ = {
			isa = XCBuildConfiguration;
			buildSettings = {
				ALWAYS_SEARCH_USER_PATHS = NO;
				CLANG_ANALYZER_NONNULL = YES;
				CLANG_ANALYZER_NUMBER_OBJECT_CONVERSION = YES_AGGRESSIVE;
				CLANG_CXX_LANGUAGE_STANDARD = "gnu++14";
				CLANG_CXX_LIBRARY = "libc++";
				CLANG_ENABLE_MODULES = YES;
				CLANG_ENABLE_OBJC_ARC = YES;
				CLANG_ENABLE_OBJC_WEAK = YES;
				CLANG_WARN_BLOCK_CAPTURE_AUTORELEASING = YES;
				CLANG_WARN_BOOL_CONVERSION = YES;
				CLANG_WARN_COMMA = YES;
				CLANG_WARN_CONSTANT_CONVERSION = YES;
				CLANG_WARN_DEPRECATED_OBJC_IMPLEMENTATIONS = YES;
				CLANG_WARN_DIRECT_OBJC_ISA_USAGE = YES_ERROR;
				CLANG_WARN_DOCUMENTATION_COMMENTS = YES;
				CLANG_WARN_EMPTY_BODY = YES;
				CLANG_WARN_ENUM_CONVERSION = YES;
				CLANG_WARN_INFINITE_RECURSION = YES;
				CLANG_WARN_INT_CONVERSION = YES;
				CLANG_WARN_NON_LITERAL_NULL_CONVERSION = YES;
				CLANG_WARN_OBJC_IMPLICIT_RETAIN_SELF = YES;
				CLANG_WARN_OBJC_LITERAL_CONVERSION = YES;
				CLANG_WARN_OBJC_ROOT_CLASS = YES_ERROR;
				CLANG_WARN_QUOTED_INCLUDE_IN_FRAMEWORK_HEADER = YES;
				CLANG_WARN_RANGE_LOOP_ANALYSIS = YES;
				CLANG_WARN_STRICT_PROTOTYPES = YES;
				CLANG_WARN_SUSPICIOUS_MOVE = YES;
				CLANG_WARN_UNGUARDED_AVAILABILITY = YES_AGGRESSIVE;
				CLANG_WARN_UNREACHABLE_CODE = YES;
				CLANG_WARN__DUPLICATE_METHOD_MATCH = YES;
				COPY_PHASE_STRIP = NO;
				DEBUG_INFORMATION_FORMAT = "dwarf-with-dsym";
				ENABLE_NS_ASSERTIONS = NO;
				ENABLE_STRICT_OBJC_MSGSEND = YES;
				GCC_C_LANGUAGE_STANDARD = gnu11;
				GCC_NO_COMMON_BLOCKS = YES;
				GCC_WARN_64_TO_32_BIT_CONVERSION = YES;
				GCC_WARN_ABOUT_RETURN_TYPE = YES_ERROR;
				GCC_WARN_UNDECLARED_SELECTOR = YES;
				GCC_WARN_UNINITIALIZED_AUTOS = YES_AGGRESSIVE;
				GCC_WARN_UNUSED_FUNCTION = YES;
				GCC_WARN_UNUSED_VARIABLE = YES;
				IPHONEOS_DEPLOYMENT_TARGET = 14.4;
				MTL_ENABLE_DEBUG_INFO = NO;
				MTL_FAST_MATH = YES;
				SDKROOT = iphoneos;
				SWIFT_COMPILATION_MODE = wholemodule;
				SWIFT_OPTIMIZATION_LEVEL = "-O";
				VALIDATE_PRODUCT = YES;
			};
			name = Release;
		};
		CE1BC97526E6440E00530874 /* Debug */ = {
			isa = XCBuildConfiguration;
			baseConfigurationReference = CCA4E7E82EAF8DAE64CC1027 /* Pods-NewsNytimes.debug.xcconfig */;
			buildSettings = {
				ASSETCATALOG_COMPILER_APPICON_NAME = AppIcon;
				ASSETCATALOG_COMPILER_GLOBAL_ACCENT_COLOR_NAME = AccentColor;
				CODE_SIGN_STYLE = Automatic;
				DEVELOPMENT_TEAM = 364PACBHLP;
				INFOPLIST_FILE = NewsNytimes/Info.plist;
				LD_RUNPATH_SEARCH_PATHS = (
					"$(inherited)",
					"@executable_path/Frameworks",
				);
				PRODUCT_BUNDLE_IDENTIFIER = Efimenko.NewsNytimes;
				PRODUCT_NAME = "$(TARGET_NAME)";
				SWIFT_VERSION = 5.0;
				TARGETED_DEVICE_FAMILY = "1,2";
			};
			name = Debug;
		};
		CE1BC97626E6440E00530874 /* Release */ = {
			isa = XCBuildConfiguration;
			baseConfigurationReference = 5BB2AF5127D14ED3F5266C19 /* Pods-NewsNytimes.release.xcconfig */;
			buildSettings = {
				ASSETCATALOG_COMPILER_APPICON_NAME = AppIcon;
				ASSETCATALOG_COMPILER_GLOBAL_ACCENT_COLOR_NAME = AccentColor;
				CODE_SIGN_STYLE = Automatic;
				DEVELOPMENT_TEAM = 364PACBHLP;
				INFOPLIST_FILE = NewsNytimes/Info.plist;
				LD_RUNPATH_SEARCH_PATHS = (
					"$(inherited)",
					"@executable_path/Frameworks",
				);
				PRODUCT_BUNDLE_IDENTIFIER = Efimenko.NewsNytimes;
				PRODUCT_NAME = "$(TARGET_NAME)";
				SWIFT_VERSION = 5.0;
				TARGETED_DEVICE_FAMILY = "1,2";
			};
			name = Release;
		};
/* End XCBuildConfiguration section */

/* Begin XCConfigurationList section */
		CE1BC95826E6440B00530874 /* Build configuration list for PBXProject "NewsNytimes" */ = {
			isa = XCConfigurationList;
			buildConfigurations = (
				CE1BC97226E6440E00530874 /* Debug */,
				CE1BC97326E6440E00530874 /* Release */,
			);
			defaultConfigurationIsVisible = 0;
			defaultConfigurationName = Release;
		};
		CE1BC97426E6440E00530874 /* Build configuration list for PBXNativeTarget "NewsNytimes" */ = {
			isa = XCConfigurationList;
			buildConfigurations = (
				CE1BC97526E6440E00530874 /* Debug */,
				CE1BC97626E6440E00530874 /* Release */,
			);
			defaultConfigurationIsVisible = 0;
			defaultConfigurationName = Release;
		};
/* End XCConfigurationList section */

/* Begin XCVersionGroup section */
		CE1BC96926E6440B00530874 /* NewsNytimes.xcdatamodeld */ = {
			isa = XCVersionGroup;
			children = (
				CE1BC96A26E6440B00530874 /* NewsNytimes.xcdatamodel */,
			);
			currentVersion = CE1BC96A26E6440B00530874 /* NewsNytimes.xcdatamodel */;
			path = NewsNytimes.xcdatamodeld;
			sourceTree = "<group>";
			versionGroupType = wrapper.xcdatamodel;
		};
/* End XCVersionGroup section */
	};
	rootObject = CE1BC95526E6440B00530874 /* Project object */;
}
